
Microsoft Visual Studio Solution File, Format Version 12.00
# Visual Studio 15
VisualStudioVersion = 15.0.27703.2035
MinimumVisualStudioVersion = 10.0.40219.1
Project("{FAE04EC0-301F-11D3-BF4B-00C04F79EFBC}") = "RealRandomGenerator", "RealRandomGenerator\RealRandomGenerator.csproj", "{27834E2B-AA87-4088-A89E-53E392CE11BC}"
EndProject
Global
	GlobalSection(SolutionConfigurationPlatforms) = preSolution
		Debug|Any CPU = Debug|Any CPU
		Release|Any CPU = Release|Any CPU
	EndGlobalSection
	GlobalSection(ProjectConfigurationPlatforms) = postSolution
		{27834E2B-AA87-4088-A89E-53E392CE11BC}.Debug|Any CPU.ActiveCfg = Debug|Any CPU
		{27834E2B-AA87-4088-A89E-53E392CE11BC}.Debug|Any CPU.Build.0 = Debug|Any CPU
		{27834E2B-AA87-4088-A89E-53E392CE11BC}.Release|Any CPU.ActiveCfg = Release|Any CPU
		{27834E2B-AA87-4088-A89E-53E392CE11BC}.Release|Any CPU.Build.0 = Release|Any CPU
	EndGlobalSection
	GlobalSection(SolutionProperties) = preSolution
		HideSolutionNode = FALSE
	EndGlobalSection
	GlobalSection(ExtensibilityGlobals) = postSolution
		SolutionGuid = {EA068D78-E3B8-4E61-B6A0-16E6C2B92254}
	EndGlobalSection
EndGlobal
